
Microsoft Visual Studio Solution File, Format Version 12.00
# Visual Studio 15
VisualStudioVersion = 15.0.27130.2003
MinimumVisualStudioVersion = 10.0.40219.1
Project("{9A19103F-16F7-4668-BE54-9A1E7A4F7556}") = "DiplomaThesis.Collector", "DiplomaThesis.Collector\DiplomaThesis.Collector.csproj", "{9DE8AA07-E736-41EB-BB13-24D07023F434}"
EndProject
Project("{9A19103F-16F7-4668-BE54-9A1E7A4F7556}") = "DiplomaThesis.Common", "DiplomaThesis.Common\DiplomaThesis.Common.csproj", "{CBB2195B-5B7C-48C2-9F89-EB157DBB64FD}"
EndProject
Project("{9A19103F-16F7-4668-BE54-9A1E7A4F7556}") = "DiplomaThesis.Collector.Contracts", "DiplomaThesis.Collector.Contracts\DiplomaThesis.Collector.Contracts.csproj", "{B68AE9C2-075B-4308-905D-986BC886C680}"
EndProject
Project("{9A19103F-16F7-4668-BE54-9A1E7A4F7556}") = "DiplomaThesis.Collector.Postgres", "DiplomaThesis.Collector.Postgres\DiplomaThesis.Collector.Postgres.csproj", "{D2EECCE8-4ACC-4F85-A501-CDE8BA5588B7}"
EndProject
Project("{9A19103F-16F7-4668-BE54-9A1E7A4F7556}") = "DiplomaThesis.DAL.Contracts", "DiplomaThesis.DAL.Contracts\DiplomaThesis.DAL.Contracts.csproj", "{BC57EA2A-F535-41D7-8785-80BAA8FAC997}"
EndProject
Project("{9A19103F-16F7-4668-BE54-9A1E7A4F7556}") = "DiplomaThesis.DAL", "DiplomaThesis.DAL\DiplomaThesis.DAL.csproj", "{8EE1254F-7E1D-4A31-BA44-C0161F10DC89}"
EndProject
Project("{2150E333-8FDC-42A3-9474-1A3956D46DE8}") = "DAL", "DAL", "{A390594C-39A9-4814-8966-2B0B6EB36801}"
EndProject
Project("{2150E333-8FDC-42A3-9474-1A3956D46DE8}") = "Common", "Common", "{5476EC0B-4DC4-4134-9E12-C363D43241B0}"
EndProject
Project("{2150E333-8FDC-42A3-9474-1A3956D46DE8}") = "Collector", "Collector", "{A2F994B7-EBB3-4F2B-A5CC-239659A7030B}"
EndProject
Project("{9A19103F-16F7-4668-BE54-9A1E7A4F7556}") = "DiplomaThesis.Common.NLog", "DiplomaThesis.Common.NLog\DiplomaThesis.Common.NLog.csproj", "{3B27DFB4-F0BB-48A9-B1D5-751B326CA6B3}"
EndProject
Project("{2150E333-8FDC-42A3-9474-1A3956D46DE8}") = "DBMS", "DBMS", "{0826B15D-0B30-4453-B989-3FE829D0AA7F}"
EndProject
Project("{9A19103F-16F7-4668-BE54-9A1E7A4F7556}") = "DiplomaThesis.DBMS.Contracts", "DiplomaThesis.DBMS.Contracts\DiplomaThesis.DBMS.Contracts.csproj", "{29CC463F-7958-47ED-B4DB-6329253C7B81}"
EndProject
Project("{9A19103F-16F7-4668-BE54-9A1E7A4F7556}") = "DiplomaThesis.DBMS.Postgres", "DiplomaThesis.DBMS.Postgres\DiplomaThesis.DBMS.Postgres.csproj", "{63F44CC8-2F16-4E10-BAE9-8B5D085DED88}"
EndProject
Project("{2150E333-8FDC-42A3-9474-1A3956D46DE8}") = "Analysis", "Analysis", "{B4D229A5-3679-43FC-B159-664A36FD385E}"
EndProject
Project("{9A19103F-16F7-4668-BE54-9A1E7A4F7556}") = "DiplomaThesis.WorkloadAnalyzer", "DiplomaThesis.WorkloadAnalyzer\DiplomaThesis.WorkloadAnalyzer.csproj", "{F8ECD635-4937-4FEB-9BFC-DB7CD8CC454D}"
EndProject
Project("{2150E333-8FDC-42A3-9474-1A3956D46DE8}") = "Reporting", "Reporting", "{6EBB6CE5-DD87-4D28-A0B3-168DA1576027}"
EndProject
Project("{9A19103F-16F7-4668-BE54-9A1E7A4F7556}") = "DiplomaThesis.ReportingService", "DiplomaThesis.ReportingService\DiplomaThesis.ReportingService.csproj", "{CDB052D2-7863-45DF-82BD-4E650EC150FC}"
EndProject
Project("{2150E333-8FDC-42A3-9474-1A3956D46DE8}") = "UI", "UI", "{50889313-AE65-4F47-896A-965447B14DBB}"
EndProject
Project("{9A19103F-16F7-4668-BE54-9A1E7A4F7556}") = "DiplomaThesis.WebUI", "DiplomaThesis.WebUI\DiplomaThesis.WebUI.csproj", "{193D4CEA-1031-4907-BD3C-A0A01572F933}"
EndProject
Project("{FAE04EC0-301F-11D3-BF4B-00C04F79EFBC}") = "DiplomaThesis.Collector.Tests", "DiplomaThesis.Collector.Tests\DiplomaThesis.Collector.Tests.csproj", "{85076C3D-F120-42ED-B76F-DE73843A75C1}"
EndProject
Global
	GlobalSection(SolutionConfigurationPlatforms) = preSolution
		Debug|Any CPU = Debug|Any CPU
		Release|Any CPU = Release|Any CPU
	EndGlobalSection
	GlobalSection(ProjectConfigurationPlatforms) = postSolution
		{9DE8AA07-E736-41EB-BB13-24D07023F434}.Debug|Any CPU.ActiveCfg = Debug|Any CPU
		{9DE8AA07-E736-41EB-BB13-24D07023F434}.Debug|Any CPU.Build.0 = Debug|Any CPU
		{9DE8AA07-E736-41EB-BB13-24D07023F434}.Release|Any CPU.ActiveCfg = Release|Any CPU
		{9DE8AA07-E736-41EB-BB13-24D07023F434}.Release|Any CPU.Build.0 = Release|Any CPU
		{CBB2195B-5B7C-48C2-9F89-EB157DBB64FD}.Debug|Any CPU.ActiveCfg = Debug|Any CPU
		{CBB2195B-5B7C-48C2-9F89-EB157DBB64FD}.Debug|Any CPU.Build.0 = Debug|Any CPU
		{CBB2195B-5B7C-48C2-9F89-EB157DBB64FD}.Release|Any CPU.ActiveCfg = Release|Any CPU
		{CBB2195B-5B7C-48C2-9F89-EB157DBB64FD}.Release|Any CPU.Build.0 = Release|Any CPU
		{B68AE9C2-075B-4308-905D-986BC886C680}.Debug|Any CPU.ActiveCfg = Debug|Any CPU
		{B68AE9C2-075B-4308-905D-986BC886C680}.Debug|Any CPU.Build.0 = Debug|Any CPU
		{B68AE9C2-075B-4308-905D-986BC886C680}.Release|Any CPU.ActiveCfg = Release|Any CPU
		{B68AE9C2-075B-4308-905D-986BC886C680}.Release|Any CPU.Build.0 = Release|Any CPU
		{D2EECCE8-4ACC-4F85-A501-CDE8BA5588B7}.Debug|Any CPU.ActiveCfg = Debug|Any CPU
		{D2EECCE8-4ACC-4F85-A501-CDE8BA5588B7}.Debug|Any CPU.Build.0 = Debug|Any CPU
		{D2EECCE8-4ACC-4F85-A501-CDE8BA5588B7}.Release|Any CPU.ActiveCfg = Release|Any CPU
		{D2EECCE8-4ACC-4F85-A501-CDE8BA5588B7}.Release|Any CPU.Build.0 = Release|Any CPU
		{BC57EA2A-F535-41D7-8785-80BAA8FAC997}.Debug|Any CPU.ActiveCfg = Debug|Any CPU
		{BC57EA2A-F535-41D7-8785-80BAA8FAC997}.Debug|Any CPU.Build.0 = Debug|Any CPU
		{BC57EA2A-F535-41D7-8785-80BAA8FAC997}.Release|Any CPU.ActiveCfg = Release|Any CPU
		{BC57EA2A-F535-41D7-8785-80BAA8FAC997}.Release|Any CPU.Build.0 = Release|Any CPU
		{8EE1254F-7E1D-4A31-BA44-C0161F10DC89}.Debug|Any CPU.ActiveCfg = Debug|Any CPU
		{8EE1254F-7E1D-4A31-BA44-C0161F10DC89}.Debug|Any CPU.Build.0 = Debug|Any CPU
		{8EE1254F-7E1D-4A31-BA44-C0161F10DC89}.Release|Any CPU.ActiveCfg = Release|Any CPU
		{8EE1254F-7E1D-4A31-BA44-C0161F10DC89}.Release|Any CPU.Build.0 = Release|Any CPU
		{3B27DFB4-F0BB-48A9-B1D5-751B326CA6B3}.Debug|Any CPU.ActiveCfg = Debug|Any CPU
		{3B27DFB4-F0BB-48A9-B1D5-751B326CA6B3}.Debug|Any CPU.Build.0 = Debug|Any CPU
		{3B27DFB4-F0BB-48A9-B1D5-751B326CA6B3}.Release|Any CPU.ActiveCfg = Release|Any CPU
		{3B27DFB4-F0BB-48A9-B1D5-751B326CA6B3}.Release|Any CPU.Build.0 = Release|Any CPU
		{29CC463F-7958-47ED-B4DB-6329253C7B81}.Debug|Any CPU.ActiveCfg = Debug|Any CPU
		{29CC463F-7958-47ED-B4DB-6329253C7B81}.Debug|Any CPU.Build.0 = Debug|Any CPU
		{29CC463F-7958-47ED-B4DB-6329253C7B81}.Release|Any CPU.ActiveCfg = Release|Any CPU
		{29CC463F-7958-47ED-B4DB-6329253C7B81}.Release|Any CPU.Build.0 = Release|Any CPU
		{63F44CC8-2F16-4E10-BAE9-8B5D085DED88}.Debug|Any CPU.ActiveCfg = Debug|Any CPU
		{63F44CC8-2F16-4E10-BAE9-8B5D085DED88}.Debug|Any CPU.Build.0 = Debug|Any CPU
		{63F44CC8-2F16-4E10-BAE9-8B5D085DED88}.Release|Any CPU.ActiveCfg = Release|Any CPU
		{63F44CC8-2F16-4E10-BAE9-8B5D085DED88}.Release|Any CPU.Build.0 = Release|Any CPU
		{F8ECD635-4937-4FEB-9BFC-DB7CD8CC454D}.Debug|Any CPU.ActiveCfg = Debug|Any CPU
		{F8ECD635-4937-4FEB-9BFC-DB7CD8CC454D}.Debug|Any CPU.Build.0 = Debug|Any CPU
		{F8ECD635-4937-4FEB-9BFC-DB7CD8CC454D}.Release|Any CPU.ActiveCfg = Release|Any CPU
		{F8ECD635-4937-4FEB-9BFC-DB7CD8CC454D}.Release|Any CPU.Build.0 = Release|Any CPU
		{CDB052D2-7863-45DF-82BD-4E650EC150FC}.Debug|Any CPU.ActiveCfg = Debug|Any CPU
		{CDB052D2-7863-45DF-82BD-4E650EC150FC}.Debug|Any CPU.Build.0 = Debug|Any CPU
		{CDB052D2-7863-45DF-82BD-4E650EC150FC}.Release|Any CPU.ActiveCfg = Release|Any CPU
		{CDB052D2-7863-45DF-82BD-4E650EC150FC}.Release|Any CPU.Build.0 = Release|Any CPU
		{193D4CEA-1031-4907-BD3C-A0A01572F933}.Debug|Any CPU.ActiveCfg = Debug|Any CPU
		{193D4CEA-1031-4907-BD3C-A0A01572F933}.Debug|Any CPU.Build.0 = Debug|Any CPU
		{193D4CEA-1031-4907-BD3C-A0A01572F933}.Release|Any CPU.ActiveCfg = Release|Any CPU
		{193D4CEA-1031-4907-BD3C-A0A01572F933}.Release|Any CPU.Build.0 = Release|Any CPU
		{85076C3D-F120-42ED-B76F-DE73843A75C1}.Debug|Any CPU.ActiveCfg = Debug|Any CPU
		{85076C3D-F120-42ED-B76F-DE73843A75C1}.Debug|Any CPU.Build.0 = Debug|Any CPU
		{85076C3D-F120-42ED-B76F-DE73843A75C1}.Release|Any CPU.ActiveCfg = Release|Any CPU
		{85076C3D-F120-42ED-B76F-DE73843A75C1}.Release|Any CPU.Build.0 = Release|Any CPU
	EndGlobalSection
	GlobalSection(SolutionProperties) = preSolution
		HideSolutionNode = FALSE
	EndGlobalSection
	GlobalSection(NestedProjects) = preSolution
		{9DE8AA07-E736-41EB-BB13-24D07023F434} = {A2F994B7-EBB3-4F2B-A5CC-239659A7030B}
		{CBB2195B-5B7C-48C2-9F89-EB157DBB64FD} = {5476EC0B-4DC4-4134-9E12-C363D43241B0}
		{B68AE9C2-075B-4308-905D-986BC886C680} = {A2F994B7-EBB3-4F2B-A5CC-239659A7030B}
		{D2EECCE8-4ACC-4F85-A501-CDE8BA5588B7} = {A2F994B7-EBB3-4F2B-A5CC-239659A7030B}
		{BC57EA2A-F535-41D7-8785-80BAA8FAC997} = {A390594C-39A9-4814-8966-2B0B6EB36801}
		{8EE1254F-7E1D-4A31-BA44-C0161F10DC89} = {A390594C-39A9-4814-8966-2B0B6EB36801}
		{3B27DFB4-F0BB-48A9-B1D5-751B326CA6B3} = {5476EC0B-4DC4-4134-9E12-C363D43241B0}
		{29CC463F-7958-47ED-B4DB-6329253C7B81} = {0826B15D-0B30-4453-B989-3FE829D0AA7F}
		{63F44CC8-2F16-4E10-BAE9-8B5D085DED88} = {0826B15D-0B30-4453-B989-3FE829D0AA7F}
		{F8ECD635-4937-4FEB-9BFC-DB7CD8CC454D} = {B4D229A5-3679-43FC-B159-664A36FD385E}
		{CDB052D2-7863-45DF-82BD-4E650EC150FC} = {6EBB6CE5-DD87-4D28-A0B3-168DA1576027}
		{193D4CEA-1031-4907-BD3C-A0A01572F933} = {50889313-AE65-4F47-896A-965447B14DBB}
		{85076C3D-F120-42ED-B76F-DE73843A75C1} = {A2F994B7-EBB3-4F2B-A5CC-239659A7030B}
	EndGlobalSection
	GlobalSection(ExtensibilityGlobals) = postSolution
		SolutionGuid = {5403E8FE-1440-40CD-920D-A88C5CA31826}
	EndGlobalSection
EndGlobal
